
Microsoft Visual Studio Solution File, Format Version 12.00
Project("{FAE04EC0-301F-11D3-BF4B-00C04F79EFBC}") = "backend", "backend\backend.csproj", "{E884033D-1B45-43DC-A8B8-E6D810E5EC62}"
EndProject
Project("{FAE04EC0-301F-11D3-BF4B-00C04F79EFBC}") = "RandomUserGenerator", "RandomUserGenerator\RandomUserGenerator.csproj", "{6464F775-8877-4993-88ED-2C975EF415E5}"
EndProject
Global
	GlobalSection(SolutionConfigurationPlatforms) = preSolution
		Debug|Any CPU = Debug|Any CPU
		Release|Any CPU = Release|Any CPU
	EndGlobalSection
	GlobalSection(ProjectConfigurationPlatforms) = postSolution
		{E884033D-1B45-43DC-A8B8-E6D810E5EC62}.Debug|Any CPU.ActiveCfg = Debug|Any CPU
		{E884033D-1B45-43DC-A8B8-E6D810E5EC62}.Debug|Any CPU.Build.0 = Debug|Any CPU
		{E884033D-1B45-43DC-A8B8-E6D810E5EC62}.Release|Any CPU.ActiveCfg = Release|Any CPU
		{E884033D-1B45-43DC-A8B8-E6D810E5EC62}.Release|Any CPU.Build.0 = Release|Any CPU
		{6464F775-8877-4993-88ED-2C975EF415E5}.Debug|Any CPU.ActiveCfg = Debug|Any CPU
		{6464F775-8877-4993-88ED-2C975EF415E5}.Debug|Any CPU.Build.0 = Debug|Any CPU
		{6464F775-8877-4993-88ED-2C975EF415E5}.Release|Any CPU.ActiveCfg = Release|Any CPU
		{6464F775-8877-4993-88ED-2C975EF415E5}.Release|Any CPU.Build.0 = Release|Any CPU
	EndGlobalSection
EndGlobal
